// !$*UTF8*$!
{
	archiveVersion = 1;
	classes = {
	};
	objectVersion = 56;
	objects = {

/* Begin PBXBuildFile section */
		4982B68F29CA333C008D2CCD /* PlaticaBotApp.swift in Sources */ = {isa = PBXBuildFile; fileRef = 4982B68E29CA333C008D2CCD /* PlaticaBotApp.swift */; };
		4982B69129CA333C008D2CCD /* ContentView.swift in Sources */ = {isa = PBXBuildFile; fileRef = 4982B69029CA333C008D2CCD /* ContentView.swift */; };
		4982B69329CA333E008D2CCD /* Assets.xcassets in Resources */ = {isa = PBXBuildFile; fileRef = 4982B69229CA333E008D2CCD /* Assets.xcassets */; };
		4982B69729CA333E008D2CCD /* Preview Assets.xcassets in Resources */ = {isa = PBXBuildFile; fileRef = 4982B69629CA333E008D2CCD /* Preview Assets.xcassets */; };
		4982B69F29CA3371008D2CCD /* Introspect in Frameworks */ = {isa = PBXBuildFile; productRef = 4982B69E29CA3371008D2CCD /* Introspect */; };
		4982B6A429CA339A008D2CCD /* SwiftChatGPT in Frameworks */ = {isa = PBXBuildFile; productRef = 4982B6A329CA339A008D2CCD /* SwiftChatGPT */; };
		4982B6A829CA35BA008D2CCD /* Markdownosaur in Frameworks */ = {isa = PBXBuildFile; productRef = 4982B6A729CA35BA008D2CCD /* Markdownosaur */; };
		4982B6B029CA35EF008D2CCD /* PlaticaWatchApp.swift in Sources */ = {isa = PBXBuildFile; fileRef = 4982B6AF29CA35EF008D2CCD /* PlaticaWatchApp.swift */; };
		4982B6B229CA35EF008D2CCD /* ContentView.swift in Sources */ = {isa = PBXBuildFile; fileRef = 4982B6B129CA35EF008D2CCD /* ContentView.swift */; };
		4982B6B429CA35F0008D2CCD /* Assets.xcassets in Resources */ = {isa = PBXBuildFile; fileRef = 4982B6B329CA35F0008D2CCD /* Assets.xcassets */; };
		4982B6B729CA35F0008D2CCD /* Preview Assets.xcassets in Resources */ = {isa = PBXBuildFile; fileRef = 4982B6B629CA35F0008D2CCD /* Preview Assets.xcassets */; };
		4982B6BD29CA360A008D2CCD /* SwiftChatGPT in Frameworks */ = {isa = PBXBuildFile; productRef = 4982B6BC29CA360A008D2CCD /* SwiftChatGPT */; };
		4982B6BF29CA360A008D2CCD /* Markdown in Frameworks */ = {isa = PBXBuildFile; productRef = 4982B6BE29CA360A008D2CCD /* Markdown */; };
		4982B6C129CA360A008D2CCD /* Markdownosaur in Frameworks */ = {isa = PBXBuildFile; productRef = 4982B6C029CA360A008D2CCD /* Markdownosaur */; };
		4982B6C329CA3642008D2CCD /* ChatView.swift in Sources */ = {isa = PBXBuildFile; fileRef = 4982B6C229CA3642008D2CCD /* ChatView.swift */; };
		4982B6C429CA3642008D2CCD /* ChatView.swift in Sources */ = {isa = PBXBuildFile; fileRef = 4982B6C229CA3642008D2CCD /* ChatView.swift */; };
		4982B6C729CA3665008D2CCD /* Settings.swift in Sources */ = {isa = PBXBuildFile; fileRef = 4982B6C529CA3665008D2CCD /* Settings.swift */; };
		4982B6C829CA3665008D2CCD /* Settings.swift in Sources */ = {isa = PBXBuildFile; fileRef = 4982B6C529CA3665008D2CCD /* Settings.swift */; };
		4982B6C929CA3665008D2CCD /* MarkdownHelpers.swift in Sources */ = {isa = PBXBuildFile; fileRef = 4982B6C629CA3665008D2CCD /* MarkdownHelpers.swift */; };
		4982B6CA29CA3665008D2CCD /* MarkdownHelpers.swift in Sources */ = {isa = PBXBuildFile; fileRef = 4982B6C629CA3665008D2CCD /* MarkdownHelpers.swift */; };
		4982B6EC29CB9E15008D2CCD /* Assets.xcassets in Resources */ = {isa = PBXBuildFile; fileRef = 4982B69229CA333E008D2CCD /* Assets.xcassets */; };
/* End PBXBuildFile section */

/* Begin PBXFileReference section */
		4982B68B29CA333C008D2CCD /* PlaticaBot.app */ = {isa = PBXFileReference; explicitFileType = wrapper.application; includeInIndex = 0; path = PlaticaBot.app; sourceTree = BUILT_PRODUCTS_DIR; };
		4982B68E29CA333C008D2CCD /* PlaticaBotApp.swift */ = {isa = PBXFileReference; lastKnownFileType = sourcecode.swift; path = PlaticaBotApp.swift; sourceTree = "<group>"; };
		4982B69029CA333C008D2CCD /* ContentView.swift */ = {isa = PBXFileReference; lastKnownFileType = sourcecode.swift; path = ContentView.swift; sourceTree = "<group>"; };
		4982B69229CA333E008D2CCD /* Assets.xcassets */ = {isa = PBXFileReference; lastKnownFileType = folder.assetcatalog; path = Assets.xcassets; sourceTree = "<group>"; };
		4982B69429CA333E008D2CCD /* PlaticaBot.entitlements */ = {isa = PBXFileReference; lastKnownFileType = text.plist.entitlements; path = PlaticaBot.entitlements; sourceTree = "<group>"; };
		4982B69629CA333E008D2CCD /* Preview Assets.xcassets */ = {isa = PBXFileReference; lastKnownFileType = folder.assetcatalog; path = "Preview Assets.xcassets"; sourceTree = "<group>"; };
		4982B6AD29CA35EF008D2CCD /* PlaticaWatch Watch App.app */ = {isa = PBXFileReference; explicitFileType = wrapper.application; includeInIndex = 0; path = "PlaticaWatch Watch App.app"; sourceTree = BUILT_PRODUCTS_DIR; };
		4982B6AF29CA35EF008D2CCD /* PlaticaWatchApp.swift */ = {isa = PBXFileReference; lastKnownFileType = sourcecode.swift; path = PlaticaWatchApp.swift; sourceTree = "<group>"; };
		4982B6B129CA35EF008D2CCD /* ContentView.swift */ = {isa = PBXFileReference; lastKnownFileType = sourcecode.swift; path = ContentView.swift; sourceTree = "<group>"; };
		4982B6B329CA35F0008D2CCD /* Assets.xcassets */ = {isa = PBXFileReference; lastKnownFileType = folder.assetcatalog; path = Assets.xcassets; sourceTree = "<group>"; };
		4982B6B629CA35F0008D2CCD /* Preview Assets.xcassets */ = {isa = PBXFileReference; lastKnownFileType = folder.assetcatalog; path = "Preview Assets.xcassets"; sourceTree = "<group>"; };
		4982B6C229CA3642008D2CCD /* ChatView.swift */ = {isa = PBXFileReference; fileEncoding = 4; lastKnownFileType = sourcecode.swift; path = ChatView.swift; sourceTree = "<group>"; };
		4982B6C529CA3665008D2CCD /* Settings.swift */ = {isa = PBXFileReference; fileEncoding = 4; lastKnownFileType = sourcecode.swift; path = Settings.swift; sourceTree = "<group>"; };
		4982B6C629CA3665008D2CCD /* MarkdownHelpers.swift */ = {isa = PBXFileReference; fileEncoding = 4; lastKnownFileType = sourcecode.swift; path = MarkdownHelpers.swift; sourceTree = "<group>"; };
		4982B6CD29CA3C3C008D2CCD /* PlaticaWatch Watch App.entitlements */ = {isa = PBXFileReference; lastKnownFileType = text.plist.entitlements; path = "PlaticaWatch Watch App.entitlements"; sourceTree = "<group>"; };
/* End PBXFileReference section */

/* Begin PBXFrameworksBuildPhase section */
		4982B68829CA333C008D2CCD /* Frameworks */ = {
			isa = PBXFrameworksBuildPhase;
			buildActionMask = 2147483647;
			files = (
				4982B69F29CA3371008D2CCD /* Introspect in Frameworks */,
				4982B6A829CA35BA008D2CCD /* Markdownosaur in Frameworks */,
				4982B6A429CA339A008D2CCD /* SwiftChatGPT in Frameworks */,
			);
			runOnlyForDeploymentPostprocessing = 0;
		};
		4982B6AA29CA35EF008D2CCD /* Frameworks */ = {
			isa = PBXFrameworksBuildPhase;
			buildActionMask = 2147483647;
			files = (
				4982B6C129CA360A008D2CCD /* Markdownosaur in Frameworks */,
				4982B6BD29CA360A008D2CCD /* SwiftChatGPT in Frameworks */,
				4982B6BF29CA360A008D2CCD /* Markdown in Frameworks */,
			);
			runOnlyForDeploymentPostprocessing = 0;
		};
/* End PBXFrameworksBuildPhase section */

/* Begin PBXGroup section */
		4982B68229CA333C008D2CCD = {
			isa = PBXGroup;
			children = (
				4982B68D29CA333C008D2CCD /* PlaticaBot */,
				4982B6AE29CA35EF008D2CCD /* PlaticaWatch Watch App */,
				4982B68C29CA333C008D2CCD /* Products */,
				4982B6BB29CA360A008D2CCD /* Frameworks */,
			);
			sourceTree = "<group>";
		};
		4982B68C29CA333C008D2CCD /* Products */ = {
			isa = PBXGroup;
			children = (
				4982B68B29CA333C008D2CCD /* PlaticaBot.app */,
				4982B6AD29CA35EF008D2CCD /* PlaticaWatch Watch App.app */,
			);
			name = Products;
			sourceTree = "<group>";
		};
		4982B68D29CA333C008D2CCD /* PlaticaBot */ = {
			isa = PBXGroup;
			children = (
				4982B6C629CA3665008D2CCD /* MarkdownHelpers.swift */,
				4982B6C529CA3665008D2CCD /* Settings.swift */,
				4982B68E29CA333C008D2CCD /* PlaticaBotApp.swift */,
				4982B6C229CA3642008D2CCD /* ChatView.swift */,
				4982B69029CA333C008D2CCD /* ContentView.swift */,
				4982B69229CA333E008D2CCD /* Assets.xcassets */,
				4982B69429CA333E008D2CCD /* PlaticaBot.entitlements */,
				4982B69529CA333E008D2CCD /* Preview Content */,
			);
			path = PlaticaBot;
			sourceTree = "<group>";
		};
		4982B69529CA333E008D2CCD /* Preview Content */ = {
			isa = PBXGroup;
			children = (
				4982B69629CA333E008D2CCD /* Preview Assets.xcassets */,
			);
			path = "Preview Content";
			sourceTree = "<group>";
		};
		4982B6AE29CA35EF008D2CCD /* PlaticaWatch Watch App */ = {
			isa = PBXGroup;
			children = (
				4982B6CD29CA3C3C008D2CCD /* PlaticaWatch Watch App.entitlements */,
				4982B6AF29CA35EF008D2CCD /* PlaticaWatchApp.swift */,
				4982B6B129CA35EF008D2CCD /* ContentView.swift */,
				4982B6B329CA35F0008D2CCD /* Assets.xcassets */,
				4982B6B529CA35F0008D2CCD /* Preview Content */,
			);
			path = "PlaticaWatch Watch App";
			sourceTree = "<group>";
		};
		4982B6B529CA35F0008D2CCD /* Preview Content */ = {
			isa = PBXGroup;
			children = (
				4982B6B629CA35F0008D2CCD /* Preview Assets.xcassets */,
			);
			path = "Preview Content";
			sourceTree = "<group>";
		};
		4982B6BB29CA360A008D2CCD /* Frameworks */ = {
			isa = PBXGroup;
			children = (
			);
			name = Frameworks;
			sourceTree = "<group>";
		};
/* End PBXGroup section */

/* Begin PBXNativeTarget section */
		4982B68A29CA333C008D2CCD /* PlaticaBot */ = {
			isa = PBXNativeTarget;
			buildConfigurationList = 4982B69A29CA333E008D2CCD /* Build configuration list for PBXNativeTarget "PlaticaBot" */;
			buildPhases = (
				4982B68729CA333C008D2CCD /* Sources */,
				4982B68829CA333C008D2CCD /* Frameworks */,
				4982B68929CA333C008D2CCD /* Resources */,
			);
			buildRules = (
			);
			dependencies = (
			);
			name = PlaticaBot;
			packageProductDependencies = (
				4982B69E29CA3371008D2CCD /* Introspect */,
				4982B6A329CA339A008D2CCD /* SwiftChatGPT */,
				4982B6A729CA35BA008D2CCD /* Markdownosaur */,
			);
			productName = PlaticaBot;
			productReference = 4982B68B29CA333C008D2CCD /* PlaticaBot.app */;
			productType = "com.apple.product-type.application";
		};
		4982B6AC29CA35EF008D2CCD /* PlaticaWatch Watch App */ = {
			isa = PBXNativeTarget;
			buildConfigurationList = 4982B6B829CA35F0008D2CCD /* Build configuration list for PBXNativeTarget "PlaticaWatch Watch App" */;
			buildPhases = (
				4982B6A929CA35EF008D2CCD /* Sources */,
				4982B6AA29CA35EF008D2CCD /* Frameworks */,
				4982B6AB29CA35EF008D2CCD /* Resources */,
			);
			buildRules = (
			);
			dependencies = (
			);
			name = "PlaticaWatch Watch App";
			packageProductDependencies = (
				4982B6BC29CA360A008D2CCD /* SwiftChatGPT */,
				4982B6BE29CA360A008D2CCD /* Markdown */,
				4982B6C029CA360A008D2CCD /* Markdownosaur */,
			);
			productName = "PlaticaWatch Watch App";
			productReference = 4982B6AD29CA35EF008D2CCD /* PlaticaWatch Watch App.app */;
			productType = "com.apple.product-type.application";
		};
/* End PBXNativeTarget section */

/* Begin PBXProject section */
		4982B68329CA333C008D2CCD /* Project object */ = {
			isa = PBXProject;
			attributes = {
				BuildIndependentTargetsInParallel = 1;
				LastSwiftUpdateCheck = 1420;
				LastUpgradeCheck = 1420;
				TargetAttributes = {
					4982B68A29CA333C008D2CCD = {
						CreatedOnToolsVersion = 14.2;
					};
					4982B6AC29CA35EF008D2CCD = {
						CreatedOnToolsVersion = 14.2;
					};
				};
			};
			buildConfigurationList = 4982B68629CA333C008D2CCD /* Build configuration list for PBXProject "PlaticaBot" */;
			compatibilityVersion = "Xcode 14.0";
			developmentRegion = en;
			hasScannedForEncodings = 0;
			knownRegions = (
				en,
				Base,
			);
			mainGroup = 4982B68229CA333C008D2CCD;
			packageReferences = (
				4982B69D29CA3371008D2CCD /* XCRemoteSwiftPackageReference "SwiftUI-Introspect" */,
				4982B6A229CA339A008D2CCD /* XCRemoteSwiftPackageReference "SwiftChatGPT" */,
				4982B6A529CA33DD008D2CCD /* XCRemoteSwiftPackageReference "swift-markdown" */,
				4982B6A629CA35BA008D2CCD /* XCRemoteSwiftPackageReference "Markdownosaur" */,
			);
			productRefGroup = 4982B68C29CA333C008D2CCD /* Products */;
			projectDirPath = "";
			projectRoot = "";
			targets = (
				4982B68A29CA333C008D2CCD /* PlaticaBot */,
				4982B6AC29CA35EF008D2CCD /* PlaticaWatch Watch App */,
			);
		};
/* End PBXProject section */

/* Begin PBXResourcesBuildPhase section */
		4982B68929CA333C008D2CCD /* Resources */ = {
			isa = PBXResourcesBuildPhase;
			buildActionMask = 2147483647;
			files = (
				4982B69729CA333E008D2CCD /* Preview Assets.xcassets in Resources */,
				4982B69329CA333E008D2CCD /* Assets.xcassets in Resources */,
			);
			runOnlyForDeploymentPostprocessing = 0;
		};
		4982B6AB29CA35EF008D2CCD /* Resources */ = {
			isa = PBXResourcesBuildPhase;
			buildActionMask = 2147483647;
			files = (
				4982B6B729CA35F0008D2CCD /* Preview Assets.xcassets in Resources */,
				4982B6EC29CB9E15008D2CCD /* Assets.xcassets in Resources */,
				4982B6B429CA35F0008D2CCD /* Assets.xcassets in Resources */,
			);
			runOnlyForDeploymentPostprocessing = 0;
		};
/* End PBXResourcesBuildPhase section */

/* Begin PBXSourcesBuildPhase section */
		4982B68729CA333C008D2CCD /* Sources */ = {
			isa = PBXSourcesBuildPhase;
			buildActionMask = 2147483647;
			files = (
				4982B69129CA333C008D2CCD /* ContentView.swift in Sources */,
				4982B6C329CA3642008D2CCD /* ChatView.swift in Sources */,
				4982B6C729CA3665008D2CCD /* Settings.swift in Sources */,
				4982B6C929CA3665008D2CCD /* MarkdownHelpers.swift in Sources */,
				4982B68F29CA333C008D2CCD /* PlaticaBotApp.swift in Sources */,
			);
			runOnlyForDeploymentPostprocessing = 0;
		};
		4982B6A929CA35EF008D2CCD /* Sources */ = {
			isa = PBXSourcesBuildPhase;
			buildActionMask = 2147483647;
			files = (
				4982B6B229CA35EF008D2CCD /* ContentView.swift in Sources */,
				4982B6C429CA3642008D2CCD /* ChatView.swift in Sources */,
				4982B6C829CA3665008D2CCD /* Settings.swift in Sources */,
				4982B6CA29CA3665008D2CCD /* MarkdownHelpers.swift in Sources */,
				4982B6B029CA35EF008D2CCD /* PlaticaWatchApp.swift in Sources */,
			);
			runOnlyForDeploymentPostprocessing = 0;
		};
/* End PBXSourcesBuildPhase section */

/* Begin XCBuildConfiguration section */
		4982B69829CA333E008D2CCD /* Debug */ = {
			isa = XCBuildConfiguration;
			buildSettings = {
				ALWAYS_SEARCH_USER_PATHS = NO;
				CLANG_ANALYZER_NONNULL = YES;
				CLANG_ANALYZER_NUMBER_OBJECT_CONVERSION = YES_AGGRESSIVE;
				CLANG_CXX_LANGUAGE_STANDARD = "gnu++20";
				CLANG_ENABLE_MODULES = YES;
				CLANG_ENABLE_OBJC_ARC = YES;
				CLANG_ENABLE_OBJC_WEAK = YES;
				CLANG_WARN_BLOCK_CAPTURE_AUTORELEASING = YES;
				CLANG_WARN_BOOL_CONVERSION = YES;
				CLANG_WARN_COMMA = YES;
				CLANG_WARN_CONSTANT_CONVERSION = YES;
				CLANG_WARN_DEPRECATED_OBJC_IMPLEMENTATIONS = YES;
				CLANG_WARN_DIRECT_OBJC_ISA_USAGE = YES_ERROR;
				CLANG_WARN_DOCUMENTATION_COMMENTS = YES;
				CLANG_WARN_EMPTY_BODY = YES;
				CLANG_WARN_ENUM_CONVERSION = YES;
				CLANG_WARN_INFINITE_RECURSION = YES;
				CLANG_WARN_INT_CONVERSION = YES;
				CLANG_WARN_NON_LITERAL_NULL_CONVERSION = YES;
				CLANG_WARN_OBJC_IMPLICIT_RETAIN_SELF = YES;
				CLANG_WARN_OBJC_LITERAL_CONVERSION = YES;
				CLANG_WARN_OBJC_ROOT_CLASS = YES_ERROR;
				CLANG_WARN_QUOTED_INCLUDE_IN_FRAMEWORK_HEADER = YES;
				CLANG_WARN_RANGE_LOOP_ANALYSIS = YES;
				CLANG_WARN_STRICT_PROTOTYPES = YES;
				CLANG_WARN_SUSPICIOUS_MOVE = YES;
				CLANG_WARN_UNGUARDED_AVAILABILITY = YES_AGGRESSIVE;
				CLANG_WARN_UNREACHABLE_CODE = YES;
				CLANG_WARN__DUPLICATE_METHOD_MATCH = YES;
				COPY_PHASE_STRIP = NO;
				DEBUG_INFORMATION_FORMAT = dwarf;
				ENABLE_STRICT_OBJC_MSGSEND = YES;
				ENABLE_TESTABILITY = YES;
				GCC_C_LANGUAGE_STANDARD = gnu11;
				GCC_DYNAMIC_NO_PIC = NO;
				GCC_NO_COMMON_BLOCKS = YES;
				GCC_OPTIMIZATION_LEVEL = 0;
				GCC_PREPROCESSOR_DEFINITIONS = (
					"DEBUG=1",
					"$(inherited)",
				);
				GCC_WARN_64_TO_32_BIT_CONVERSION = YES;
				GCC_WARN_ABOUT_RETURN_TYPE = YES_ERROR;
				GCC_WARN_UNDECLARED_SELECTOR = YES;
				GCC_WARN_UNINITIALIZED_AUTOS = YES_AGGRESSIVE;
				GCC_WARN_UNUSED_FUNCTION = YES;
				GCC_WARN_UNUSED_VARIABLE = YES;
				IPHONEOS_DEPLOYMENT_TARGET = 16.0;
				MACOSX_DEPLOYMENT_TARGET = 13.0;
				MTL_ENABLE_DEBUG_INFO = INCLUDE_SOURCE;
				MTL_FAST_MATH = YES;
				ONLY_ACTIVE_ARCH = YES;
				SWIFT_ACTIVE_COMPILATION_CONDITIONS = DEBUG;
				SWIFT_OPTIMIZATION_LEVEL = "-Onone";
			};
			name = Debug;
		};
		4982B69929CA333E008D2CCD /* Release */ = {
			isa = XCBuildConfiguration;
			buildSettings = {
				ALWAYS_SEARCH_USER_PATHS = NO;
				CLANG_ANALYZER_NONNULL = YES;
				CLANG_ANALYZER_NUMBER_OBJECT_CONVERSION = YES_AGGRESSIVE;
				CLANG_CXX_LANGUAGE_STANDARD = "gnu++20";
				CLANG_ENABLE_MODULES = YES;
				CLANG_ENABLE_OBJC_ARC = YES;
				CLANG_ENABLE_OBJC_WEAK = YES;
				CLANG_WARN_BLOCK_CAPTURE_AUTORELEASING = YES;
				CLANG_WARN_BOOL_CONVERSION = YES;
				CLANG_WARN_COMMA = YES;
				CLANG_WARN_CONSTANT_CONVERSION = YES;
				CLANG_WARN_DEPRECATED_OBJC_IMPLEMENTATIONS = YES;
				CLANG_WARN_DIRECT_OBJC_ISA_USAGE = YES_ERROR;
				CLANG_WARN_DOCUMENTATION_COMMENTS = YES;
				CLANG_WARN_EMPTY_BODY = YES;
				CLANG_WARN_ENUM_CONVERSION = YES;
				CLANG_WARN_INFINITE_RECURSION = YES;
				CLANG_WARN_INT_CONVERSION = YES;
				CLANG_WARN_NON_LITERAL_NULL_CONVERSION = YES;
				CLANG_WARN_OBJC_IMPLICIT_RETAIN_SELF = YES;
				CLANG_WARN_OBJC_LITERAL_CONVERSION = YES;
				CLANG_WARN_OBJC_ROOT_CLASS = YES_ERROR;
				CLANG_WARN_QUOTED_INCLUDE_IN_FRAMEWORK_HEADER = YES;
				CLANG_WARN_RANGE_LOOP_ANALYSIS = YES;
				CLANG_WARN_STRICT_PROTOTYPES = YES;
				CLANG_WARN_SUSPICIOUS_MOVE = YES;
				CLANG_WARN_UNGUARDED_AVAILABILITY = YES_AGGRESSIVE;
				CLANG_WARN_UNREACHABLE_CODE = YES;
				CLANG_WARN__DUPLICATE_METHOD_MATCH = YES;
				COPY_PHASE_STRIP = NO;
				DEBUG_INFORMATION_FORMAT = "dwarf-with-dsym";
				ENABLE_NS_ASSERTIONS = NO;
				ENABLE_STRICT_OBJC_MSGSEND = YES;
				GCC_C_LANGUAGE_STANDARD = gnu11;
				GCC_NO_COMMON_BLOCKS = YES;
				GCC_WARN_64_TO_32_BIT_CONVERSION = YES;
				GCC_WARN_ABOUT_RETURN_TYPE = YES_ERROR;
				GCC_WARN_UNDECLARED_SELECTOR = YES;
				GCC_WARN_UNINITIALIZED_AUTOS = YES_AGGRESSIVE;
				GCC_WARN_UNUSED_FUNCTION = YES;
				GCC_WARN_UNUSED_VARIABLE = YES;
				IPHONEOS_DEPLOYMENT_TARGET = 16.0;
				MACOSX_DEPLOYMENT_TARGET = 13.0;
				MTL_ENABLE_DEBUG_INFO = NO;
				MTL_FAST_MATH = YES;
				SWIFT_COMPILATION_MODE = wholemodule;
				SWIFT_OPTIMIZATION_LEVEL = "-O";
			};
			name = Release;
		};
		4982B69B29CA333E008D2CCD /* Debug */ = {
			isa = XCBuildConfiguration;
			buildSettings = {
				ASSETCATALOG_COMPILER_APPICON_NAME = AppIcon;
				ASSETCATALOG_COMPILER_GLOBAL_ACCENT_COLOR_NAME = AccentColor;
				CODE_SIGN_ENTITLEMENTS = PlaticaBot/PlaticaBot.entitlements;
				CODE_SIGN_STYLE = Automatic;
				CURRENT_PROJECT_VERSION = 1;
				DEVELOPMENT_ASSET_PATHS = "\"PlaticaBot/Preview Content\"";
				DEVELOPMENT_TEAM = PJQC57N853;
				ENABLE_HARDENED_RUNTIME = YES;
				ENABLE_PREVIEWS = YES;
				GENERATE_INFOPLIST_FILE = YES;
				"INFOPLIST_KEY_UIApplicationSceneManifest_Generation[sdk=iphoneos*]" = YES;
				"INFOPLIST_KEY_UIApplicationSceneManifest_Generation[sdk=iphonesimulator*]" = YES;
				"INFOPLIST_KEY_UIApplicationSupportsIndirectInputEvents[sdk=iphoneos*]" = YES;
				"INFOPLIST_KEY_UIApplicationSupportsIndirectInputEvents[sdk=iphonesimulator*]" = YES;
				"INFOPLIST_KEY_UILaunchScreen_Generation[sdk=iphoneos*]" = YES;
				"INFOPLIST_KEY_UILaunchScreen_Generation[sdk=iphonesimulator*]" = YES;
				"INFOPLIST_KEY_UIStatusBarStyle[sdk=iphoneos*]" = UIStatusBarStyleDefault;
				"INFOPLIST_KEY_UIStatusBarStyle[sdk=iphonesimulator*]" = UIStatusBarStyleDefault;
				INFOPLIST_KEY_UISupportedInterfaceOrientations_iPad = "UIInterfaceOrientationPortrait UIInterfaceOrientationPortraitUpsideDown UIInterfaceOrientationLandscapeLeft UIInterfaceOrientationLandscapeRight";
				INFOPLIST_KEY_UISupportedInterfaceOrientations_iPhone = "UIInterfaceOrientationPortrait UIInterfaceOrientationLandscapeLeft UIInterfaceOrientationLandscapeRight";
				IPHONEOS_DEPLOYMENT_TARGET = 16.2;
				LD_RUNPATH_SEARCH_PATHS = "@executable_path/Frameworks";
				"LD_RUNPATH_SEARCH_PATHS[sdk=macosx*]" = "@executable_path/../Frameworks";
				MACOSX_DEPLOYMENT_TARGET = 13.1;
				MARKETING_VERSION = 1.0;
				PRODUCT_BUNDLE_IDENTIFIER = org.tirania.PlaticaBot;
				PRODUCT_NAME = "$(TARGET_NAME)";
				SDKROOT = auto;
				SUPPORTED_PLATFORMS = "iphoneos iphonesimulator macosx";
				SWIFT_EMIT_LOC_STRINGS = YES;
				SWIFT_VERSION = 5.0;
				TARGETED_DEVICE_FAMILY = "1,2";
			};
			name = Debug;
		};
		4982B69C29CA333E008D2CCD /* Release */ = {
			isa = XCBuildConfiguration;
			buildSettings = {
				ASSETCATALOG_COMPILER_APPICON_NAME = AppIcon;
				ASSETCATALOG_COMPILER_GLOBAL_ACCENT_COLOR_NAME = AccentColor;
				CODE_SIGN_ENTITLEMENTS = PlaticaBot/PlaticaBot.entitlements;
				CODE_SIGN_STYLE = Automatic;
				CURRENT_PROJECT_VERSION = 1;
				DEVELOPMENT_ASSET_PATHS = "\"PlaticaBot/Preview Content\"";
				DEVELOPMENT_TEAM = PJQC57N853;
				ENABLE_HARDENED_RUNTIME = YES;
				ENABLE_PREVIEWS = YES;
				GENERATE_INFOPLIST_FILE = YES;
				"INFOPLIST_KEY_UIApplicationSceneManifest_Generation[sdk=iphoneos*]" = YES;
				"INFOPLIST_KEY_UIApplicationSceneManifest_Generation[sdk=iphonesimulator*]" = YES;
				"INFOPLIST_KEY_UIApplicationSupportsIndirectInputEvents[sdk=iphoneos*]" = YES;
				"INFOPLIST_KEY_UIApplicationSupportsIndirectInputEvents[sdk=iphonesimulator*]" = YES;
				"INFOPLIST_KEY_UILaunchScreen_Generation[sdk=iphoneos*]" = YES;
				"INFOPLIST_KEY_UILaunchScreen_Generation[sdk=iphonesimulator*]" = YES;
				"INFOPLIST_KEY_UIStatusBarStyle[sdk=iphoneos*]" = UIStatusBarStyleDefault;
				"INFOPLIST_KEY_UIStatusBarStyle[sdk=iphonesimulator*]" = UIStatusBarStyleDefault;
				INFOPLIST_KEY_UISupportedInterfaceOrientations_iPad = "UIInterfaceOrientationPortrait UIInterfaceOrientationPortraitUpsideDown UIInterfaceOrientationLandscapeLeft UIInterfaceOrientationLandscapeRight";
				INFOPLIST_KEY_UISupportedInterfaceOrientations_iPhone = "UIInterfaceOrientationPortrait UIInterfaceOrientationLandscapeLeft UIInterfaceOrientationLandscapeRight";
				IPHONEOS_DEPLOYMENT_TARGET = 16.2;
				LD_RUNPATH_SEARCH_PATHS = "@executable_path/Frameworks";
				"LD_RUNPATH_SEARCH_PATHS[sdk=macosx*]" = "@executable_path/../Frameworks";
				MACOSX_DEPLOYMENT_TARGET = 13.1;
				MARKETING_VERSION = 1.0;
				PRODUCT_BUNDLE_IDENTIFIER = org.tirania.PlaticaBot;
				PRODUCT_NAME = "$(TARGET_NAME)";
				SDKROOT = auto;
				SUPPORTED_PLATFORMS = "iphoneos iphonesimulator macosx";
				SWIFT_EMIT_LOC_STRINGS = YES;
				SWIFT_VERSION = 5.0;
				TARGETED_DEVICE_FAMILY = "1,2";
			};
			name = Release;
		};
		4982B6B929CA35F0008D2CCD /* Debug */ = {
			isa = XCBuildConfiguration;
			buildSettings = {
				ASSETCATALOG_COMPILER_APPICON_NAME = AppIcon;
				ASSETCATALOG_COMPILER_GLOBAL_ACCENT_COLOR_NAME = AccentColor;
				CODE_SIGN_ENTITLEMENTS = "PlaticaWatch Watch App/PlaticaWatch Watch App.entitlements";
				CODE_SIGN_STYLE = Automatic;
				CURRENT_PROJECT_VERSION = 1;
				DEVELOPMENT_ASSET_PATHS = "\"PlaticaWatch Watch App/Preview Content\"";
				DEVELOPMENT_TEAM = PJQC57N853;
				ENABLE_PREVIEWS = YES;
				GENERATE_INFOPLIST_FILE = YES;
				INFOPLIST_KEY_CFBundleDisplayName = PlaticaWatch;
				INFOPLIST_KEY_LSApplicationCategoryType = "";
				INFOPLIST_KEY_UISupportedInterfaceOrientations = "UIInterfaceOrientationPortrait UIInterfaceOrientationPortraitUpsideDown";
				INFOPLIST_KEY_WKCompanionAppBundleIdentifier = org.tirania.PlaticaBot;
				LD_RUNPATH_SEARCH_PATHS = (
					"$(inherited)",
					"@executable_path/Frameworks",
				);
				MARKETING_VERSION = 1.0;
				PRODUCT_BUNDLE_IDENTIFIER = org.tirania.PlaticaBot.watchkitapp;
				PRODUCT_NAME = "$(TARGET_NAME)";
				SDKROOT = watchos;
				SKIP_INSTALL = YES;
				SWIFT_EMIT_LOC_STRINGS = YES;
				SWIFT_VERSION = 5.0;
				TARGETED_DEVICE_FAMILY = 4;
				WATCHOS_DEPLOYMENT_TARGET = 9.1;
			};
			name = Debug;
		};
		4982B6BA29CA35F0008D2CCD /* Release */ = {
			isa = XCBuildConfiguration;
			buildSettings = {
				ASSETCATALOG_COMPILER_APPICON_NAME = AppIcon;
				ASSETCATALOG_COMPILER_GLOBAL_ACCENT_COLOR_NAME = AccentColor;
				CODE_SIGN_ENTITLEMENTS = "PlaticaWatch Watch App/PlaticaWatch Watch App.entitlements";
				CODE_SIGN_STYLE = Automatic;
				CURRENT_PROJECT_VERSION = 1;
				DEVELOPMENT_ASSET_PATHS = "\"PlaticaWatch Watch App/Preview Content\"";
				DEVELOPMENT_TEAM = PJQC57N853;
				ENABLE_PREVIEWS = YES;
				GENERATE_INFOPLIST_FILE = YES;
				INFOPLIST_KEY_CFBundleDisplayName = PlaticaWatch;
				INFOPLIST_KEY_LSApplicationCategoryType = "";
				INFOPLIST_KEY_UISupportedInterfaceOrientations = "UIInterfaceOrientationPortrait UIInterfaceOrientationPortraitUpsideDown";
				INFOPLIST_KEY_WKCompanionAppBundleIdentifier = org.tirania.PlaticaBot;
				LD_RUNPATH_SEARCH_PATHS = (
					"$(inherited)",
					"@executable_path/Frameworks",
				);
				MARKETING_VERSION = 1.0;
				PRODUCT_BUNDLE_IDENTIFIER = org.tirania.PlaticaBot.watchkitapp;
				PRODUCT_NAME = "$(TARGET_NAME)";
				SDKROOT = watchos;
				SKIP_INSTALL = YES;
				SWIFT_EMIT_LOC_STRINGS = YES;
				SWIFT_VERSION = 5.0;
				TARGETED_DEVICE_FAMILY = 4;
				VALIDATE_PRODUCT = YES;
				WATCHOS_DEPLOYMENT_TARGET = 9.1;
			};
			name = Release;
		};
/* End XCBuildConfiguration section */

/* Begin XCConfigurationList section */
		4982B68629CA333C008D2CCD /* Build configuration list for PBXProject "PlaticaBot" */ = {
			isa = XCConfigurationList;
			buildConfigurations = (
				4982B69829CA333E008D2CCD /* Debug */,
				4982B69929CA333E008D2CCD /* Release */,
			);
			defaultConfigurationIsVisible = 0;
			defaultConfigurationName = Release;
		};
		4982B69A29CA333E008D2CCD /* Build configuration list for PBXNativeTarget "PlaticaBot" */ = {
			isa = XCConfigurationList;
			buildConfigurations = (
				4982B69B29CA333E008D2CCD /* Debug */,
				4982B69C29CA333E008D2CCD /* Release */,
			);
			defaultConfigurationIsVisible = 0;
			defaultConfigurationName = Release;
		};
		4982B6B829CA35F0008D2CCD /* Build configuration list for PBXNativeTarget "PlaticaWatch Watch App" */ = {
			isa = XCConfigurationList;
			buildConfigurations = (
				4982B6B929CA35F0008D2CCD /* Debug */,
				4982B6BA29CA35F0008D2CCD /* Release */,
			);
			defaultConfigurationIsVisible = 0;
			defaultConfigurationName = Release;
		};
/* End XCConfigurationList section */

/* Begin XCRemoteSwiftPackageReference section */
		4982B69D29CA3371008D2CCD /* XCRemoteSwiftPackageReference "SwiftUI-Introspect" */ = {
			isa = XCRemoteSwiftPackageReference;
			repositoryURL = "https://github.com/siteline/SwiftUI-Introspect.git";
			requirement = {
				kind = upToNextMajorVersion;
				minimumVersion = 0.2.3;
			};
		};
		4982B6A229CA339A008D2CCD /* XCRemoteSwiftPackageReference "SwiftChatGPT" */ = {
			isa = XCRemoteSwiftPackageReference;
			repositoryURL = "https://github.com/migueldeicaza/SwiftChatGPT";
			requirement = {
				branch = main;
				kind = branch;
			};
		};
		4982B6A529CA33DD008D2CCD /* XCRemoteSwiftPackageReference "swift-markdown" */ = {
			isa = XCRemoteSwiftPackageReference;
			repositoryURL = "https://github.com/apple/swift-markdown";
			requirement = {
				kind = upToNextMajorVersion;
				minimumVersion = 0.1.0;
			};
		};
		4982B6A629CA35BA008D2CCD /* XCRemoteSwiftPackageReference "Markdownosaur" */ = {
			isa = XCRemoteSwiftPackageReference;
			repositoryURL = "https://github.com/migueldeicaza/Markdownosaur";
			requirement = {
				branch = main;
				kind = branch;
			};
		};
/* End XCRemoteSwiftPackageReference section */

/* Begin XCSwiftPackageProductDependency section */
		4982B69E29CA3371008D2CCD /* Introspect */ = {
			isa = XCSwiftPackageProductDependency;
			package = 4982B69D29CA3371008D2CCD /* XCRemoteSwiftPackageReference "SwiftUI-Introspect" */;
			productName = Introspect;
		};
		4982B6A329CA339A008D2CCD /* SwiftChatGPT */ = {
			isa = XCSwiftPackageProductDependency;
			package = 4982B6A229CA339A008D2CCD /* XCRemoteSwiftPackageReference "SwiftChatGPT" */;
			productName = SwiftChatGPT;
		};
		4982B6A729CA35BA008D2CCD /* Markdownosaur */ = {
			isa = XCSwiftPackageProductDependency;
			package = 4982B6A629CA35BA008D2CCD /* XCRemoteSwiftPackageReference "Markdownosaur" */;
			productName = Markdownosaur;
		};
		4982B6BC29CA360A008D2CCD /* SwiftChatGPT */ = {
			isa = XCSwiftPackageProductDependency;
			package = 4982B6A229CA339A008D2CCD /* XCRemoteSwiftPackageReference "SwiftChatGPT" */;
			productName = SwiftChatGPT;
		};
		4982B6BE29CA360A008D2CCD /* Markdown */ = {
			isa = XCSwiftPackageProductDependency;
			package = 4982B6A529CA33DD008D2CCD /* XCRemoteSwiftPackageReference "swift-markdown" */;
			productName = Markdown;
		};
		4982B6C029CA360A008D2CCD /* Markdownosaur */ = {
			isa = XCSwiftPackageProductDependency;
			package = 4982B6A629CA35BA008D2CCD /* XCRemoteSwiftPackageReference "Markdownosaur" */;
			productName = Markdownosaur;
		};
/* End XCSwiftPackageProductDependency section */
	};
	rootObject = 4982B68329CA333C008D2CCD /* Project object */;
}
